
Microsoft Visual Studio Solution File, Format Version 12.00
# Visual Studio 15
Project("{FAE04EC0-301F-11D3-BF4B-00C04F79EFBC}") = "survivalkitapi", "survivalkitapi\survivalkitapi.csproj", "{B6A267A8-6B40-4C9D-9670-0E2B77193894}"
EndProject
Project("{FAE04EC0-301F-11D3-BF4B-00C04F79EFBC}") = "Domain", "Domain\Domain.csproj", "{5328A599-9AD6-41EA-BAAF-1B812EA776A4}"
EndProject
Global
	GlobalSection(SolutionConfigurationPlatforms) = preSolution
		Debug|Any CPU = Debug|Any CPU
		Release|Any CPU = Release|Any CPU
	EndGlobalSection
	GlobalSection(ProjectConfigurationPlatforms) = postSolution
		{B6A267A8-6B40-4C9D-9670-0E2B77193894}.Debug|Any CPU.ActiveCfg = Debug|Any CPU
		{B6A267A8-6B40-4C9D-9670-0E2B77193894}.Debug|Any CPU.Build.0 = Debug|Any CPU
		{B6A267A8-6B40-4C9D-9670-0E2B77193894}.Release|Any CPU.ActiveCfg = Release|Any CPU
		{B6A267A8-6B40-4C9D-9670-0E2B77193894}.Release|Any CPU.Build.0 = Release|Any CPU
		{5328A599-9AD6-41EA-BAAF-1B812EA776A4}.Debug|Any CPU.ActiveCfg = Debug|Any CPU
		{5328A599-9AD6-41EA-BAAF-1B812EA776A4}.Debug|Any CPU.Build.0 = Debug|Any CPU
		{5328A599-9AD6-41EA-BAAF-1B812EA776A4}.Release|Any CPU.ActiveCfg = Release|Any CPU
		{5328A599-9AD6-41EA-BAAF-1B812EA776A4}.Release|Any CPU.Build.0 = Release|Any CPU
	EndGlobalSection
EndGlobal
